
Microsoft Visual Studio Solution File, Format Version 12.00
# Visual Studio 15
Project("{FAE04EC0-301F-11D3-BF4B-00C04F79EFBC}") = "ng-sight-backend", "ng-sight-backend\ng-sight-backend.csproj", "{48158611-496E-494D-BBF5-82593531528F}"
EndProject
Global
	GlobalSection(SolutionConfigurationPlatforms) = preSolution
		Debug|Any CPU = Debug|Any CPU
		Release|Any CPU = Release|Any CPU
	EndGlobalSection
	GlobalSection(ProjectConfigurationPlatforms) = postSolution
		{48158611-496E-494D-BBF5-82593531528F}.Debug|Any CPU.ActiveCfg = Debug|Any CPU
		{48158611-496E-494D-BBF5-82593531528F}.Debug|Any CPU.Build.0 = Debug|Any CPU
		{48158611-496E-494D-BBF5-82593531528F}.Release|Any CPU.ActiveCfg = Release|Any CPU
		{48158611-496E-494D-BBF5-82593531528F}.Release|Any CPU.Build.0 = Release|Any CPU
	EndGlobalSection
EndGlobal
